
Microsoft Visual Studio Solution File, Format Version 12.00
# Visual Studio 15
VisualStudioVersion = 15.0.28010.2046
MinimumVisualStudioVersion = 10.0.40219.1
Project("{FAE04EC0-301F-11D3-BF4B-00C04F79EFBC}") = "07-CRUDPersonas-UI", "07-CRUDPersonas-UI\07-CRUDPersonas-UI.csproj", "{8FB17E0D-B8AF-4232-AFC9-A82FD448787C}"
EndProject
Project("{FAE04EC0-301F-11D3-BF4B-00C04F79EFBC}") = "07-CRUDPersonas-DAL", "07-CRUDPersonas-DAL\07-CRUDPersonas-DAL.csproj", "{11E577C6-F234-42DA-A4C2-9A0ED83BAC91}"
EndProject
Project("{FAE04EC0-301F-11D3-BF4B-00C04F79EFBC}") = "07-CRUDPersonas-Entidades", "07-CRUDPersonas-Entidades\07-CRUDPersonas-Entidades.csproj", "{74D9A4F6-24F2-4CAD-9FC3-7D70EABC82B8}"
EndProject
Project("{FAE04EC0-301F-11D3-BF4B-00C04F79EFBC}") = "07-CRUDPersonas-BL", "07-CRUDPersonas-BL\07-CRUDPersonas-BL.csproj", "{767D033D-4490-4A7A-BFCE-C4A87BEEC6F6}"
EndProject
Global
	GlobalSection(SolutionConfigurationPlatforms) = preSolution
		Debug|Any CPU = Debug|Any CPU
		Release|Any CPU = Release|Any CPU
	EndGlobalSection
	GlobalSection(ProjectConfigurationPlatforms) = postSolution
		{8FB17E0D-B8AF-4232-AFC9-A82FD448787C}.Debug|Any CPU.ActiveCfg = Debug|Any CPU
		{8FB17E0D-B8AF-4232-AFC9-A82FD448787C}.Debug|Any CPU.Build.0 = Debug|Any CPU
		{8FB17E0D-B8AF-4232-AFC9-A82FD448787C}.Release|Any CPU.ActiveCfg = Release|Any CPU
		{8FB17E0D-B8AF-4232-AFC9-A82FD448787C}.Release|Any CPU.Build.0 = Release|Any CPU
		{11E577C6-F234-42DA-A4C2-9A0ED83BAC91}.Debug|Any CPU.ActiveCfg = Debug|Any CPU
		{11E577C6-F234-42DA-A4C2-9A0ED83BAC91}.Debug|Any CPU.Build.0 = Debug|Any CPU
		{11E577C6-F234-42DA-A4C2-9A0ED83BAC91}.Release|Any CPU.ActiveCfg = Release|Any CPU
		{11E577C6-F234-42DA-A4C2-9A0ED83BAC91}.Release|Any CPU.Build.0 = Release|Any CPU
		{74D9A4F6-24F2-4CAD-9FC3-7D70EABC82B8}.Debug|Any CPU.ActiveCfg = Debug|Any CPU
		{74D9A4F6-24F2-4CAD-9FC3-7D70EABC82B8}.Debug|Any CPU.Build.0 = Debug|Any CPU
		{74D9A4F6-24F2-4CAD-9FC3-7D70EABC82B8}.Release|Any CPU.ActiveCfg = Release|Any CPU
		{74D9A4F6-24F2-4CAD-9FC3-7D70EABC82B8}.Release|Any CPU.Build.0 = Release|Any CPU
		{767D033D-4490-4A7A-BFCE-C4A87BEEC6F6}.Debug|Any CPU.ActiveCfg = Debug|Any CPU
		{767D033D-4490-4A7A-BFCE-C4A87BEEC6F6}.Debug|Any CPU.Build.0 = Debug|Any CPU
		{767D033D-4490-4A7A-BFCE-C4A87BEEC6F6}.Release|Any CPU.ActiveCfg = Release|Any CPU
		{767D033D-4490-4A7A-BFCE-C4A87BEEC6F6}.Release|Any CPU.Build.0 = Release|Any CPU
	EndGlobalSection
	GlobalSection(SolutionProperties) = preSolution
		HideSolutionNode = FALSE
	EndGlobalSection
	GlobalSection(ExtensibilityGlobals) = postSolution
		SolutionGuid = {7C1AF748-8962-4D1F-9705-9166CBCB675F}
	EndGlobalSection
EndGlobal
