
Microsoft Visual Studio Solution File, Format Version 12.00
# Visual Studio 15
VisualStudioVersion = 15.0.28010.2046
MinimumVisualStudioVersion = 10.0.40219.1
Project("{FAE04EC0-301F-11D3-BF4B-00C04F79EFBC}") = "07-Apirest-Persona-Api", "07-Apirest-Persona-Api\07-Apirest-Persona-Api.csproj", "{E0718D89-C6C3-4703-9C4B-B9F35081AD51}"
EndProject
Project("{FAE04EC0-301F-11D3-BF4B-00C04F79EFBC}") = "07-ApiRestPersona-DAL", "07-ApiRestPersona-DAL\07-ApiRestPersona-DAL.csproj", "{0CE8B311-8EE7-41F4-8D95-A8DDAA566B0B}"
EndProject
Project("{FAE04EC0-301F-11D3-BF4B-00C04F79EFBC}") = "07-ApiRestPersona-BL", "07-ApiRestPersona-BL\07-ApiRestPersona-BL.csproj", "{90CD3962-CCAB-434F-9DB1-E0541DA6190D}"
EndProject
Project("{FAE04EC0-301F-11D3-BF4B-00C04F79EFBC}") = "07-ApiRestPersona-Entidades", "07-ApiRestPersona-Entidades\07-ApiRestPersona-Entidades.csproj", "{D24C270C-A84A-4642-B21F-5ACB761F7BE6}"
EndProject
Global
	GlobalSection(SolutionConfigurationPlatforms) = preSolution
		Debug|Any CPU = Debug|Any CPU
		Release|Any CPU = Release|Any CPU
	EndGlobalSection
	GlobalSection(ProjectConfigurationPlatforms) = postSolution
		{E0718D89-C6C3-4703-9C4B-B9F35081AD51}.Debug|Any CPU.ActiveCfg = Debug|Any CPU
		{E0718D89-C6C3-4703-9C4B-B9F35081AD51}.Debug|Any CPU.Build.0 = Debug|Any CPU
		{E0718D89-C6C3-4703-9C4B-B9F35081AD51}.Release|Any CPU.ActiveCfg = Release|Any CPU
		{E0718D89-C6C3-4703-9C4B-B9F35081AD51}.Release|Any CPU.Build.0 = Release|Any CPU
		{0CE8B311-8EE7-41F4-8D95-A8DDAA566B0B}.Debug|Any CPU.ActiveCfg = Debug|Any CPU
		{0CE8B311-8EE7-41F4-8D95-A8DDAA566B0B}.Debug|Any CPU.Build.0 = Debug|Any CPU
		{0CE8B311-8EE7-41F4-8D95-A8DDAA566B0B}.Release|Any CPU.ActiveCfg = Release|Any CPU
		{0CE8B311-8EE7-41F4-8D95-A8DDAA566B0B}.Release|Any CPU.Build.0 = Release|Any CPU
		{90CD3962-CCAB-434F-9DB1-E0541DA6190D}.Debug|Any CPU.ActiveCfg = Debug|Any CPU
		{90CD3962-CCAB-434F-9DB1-E0541DA6190D}.Debug|Any CPU.Build.0 = Debug|Any CPU
		{90CD3962-CCAB-434F-9DB1-E0541DA6190D}.Release|Any CPU.ActiveCfg = Release|Any CPU
		{90CD3962-CCAB-434F-9DB1-E0541DA6190D}.Release|Any CPU.Build.0 = Release|Any CPU
		{D24C270C-A84A-4642-B21F-5ACB761F7BE6}.Debug|Any CPU.ActiveCfg = Debug|Any CPU
		{D24C270C-A84A-4642-B21F-5ACB761F7BE6}.Debug|Any CPU.Build.0 = Debug|Any CPU
		{D24C270C-A84A-4642-B21F-5ACB761F7BE6}.Release|Any CPU.ActiveCfg = Release|Any CPU
		{D24C270C-A84A-4642-B21F-5ACB761F7BE6}.Release|Any CPU.Build.0 = Release|Any CPU
	EndGlobalSection
	GlobalSection(SolutionProperties) = preSolution
		HideSolutionNode = FALSE
	EndGlobalSection
	GlobalSection(ExtensibilityGlobals) = postSolution
		SolutionGuid = {4441DEAE-D815-45AC-B5C3-959CEB3334FA}
	EndGlobalSection
EndGlobal
