
Microsoft Visual Studio Solution File, Format Version 12.00
# Visual Studio 15
VisualStudioVersion = 15.0.28010.2019
MinimumVisualStudioVersion = 10.0.40219.1
Project("{FAE04EC0-301F-11D3-BF4B-00C04F79EFBC}") = "02-HelloWorld-MVC", "02-HelloWorld-MVC\02-HelloWorld-MVC.csproj", "{66E79572-0AF0-48FE-9757-597271CCA25B}"
EndProject
Global
	GlobalSection(SolutionConfigurationPlatforms) = preSolution
		Debug|Any CPU = Debug|Any CPU
		Release|Any CPU = Release|Any CPU
	EndGlobalSection
	GlobalSection(ProjectConfigurationPlatforms) = postSolution
		{66E79572-0AF0-48FE-9757-597271CCA25B}.Debug|Any CPU.ActiveCfg = Debug|Any CPU
		{66E79572-0AF0-48FE-9757-597271CCA25B}.Debug|Any CPU.Build.0 = Debug|Any CPU
		{66E79572-0AF0-48FE-9757-597271CCA25B}.Release|Any CPU.ActiveCfg = Release|Any CPU
		{66E79572-0AF0-48FE-9757-597271CCA25B}.Release|Any CPU.Build.0 = Release|Any CPU
	EndGlobalSection
	GlobalSection(SolutionProperties) = preSolution
		HideSolutionNode = FALSE
	EndGlobalSection
	GlobalSection(ExtensibilityGlobals) = postSolution
		SolutionGuid = {125FCC8F-1EF6-4972-9CAA-19760816B4DE}
	EndGlobalSection
EndGlobal
