
Microsoft Visual Studio Solution File, Format Version 12.00
# Visual Studio 15
VisualStudioVersion = 15.0.28010.2036
MinimumVisualStudioVersion = 10.0.40219.1
Project("{FAE04EC0-301F-11D3-BF4B-00C04F79EFBC}") = "05-MVC-Ejercicio1", "05-MVC-Ejercicio1\05-MVC-Ejercicio1.csproj", "{52EAB572-CC15-4C78-8831-A9B553F63EFC}"
EndProject
Global
	GlobalSection(SolutionConfigurationPlatforms) = preSolution
		Debug|Any CPU = Debug|Any CPU
		Release|Any CPU = Release|Any CPU
	EndGlobalSection
	GlobalSection(ProjectConfigurationPlatforms) = postSolution
		{52EAB572-CC15-4C78-8831-A9B553F63EFC}.Debug|Any CPU.ActiveCfg = Debug|Any CPU
		{52EAB572-CC15-4C78-8831-A9B553F63EFC}.Debug|Any CPU.Build.0 = Debug|Any CPU
		{52EAB572-CC15-4C78-8831-A9B553F63EFC}.Release|Any CPU.ActiveCfg = Release|Any CPU
		{52EAB572-CC15-4C78-8831-A9B553F63EFC}.Release|Any CPU.Build.0 = Release|Any CPU
	EndGlobalSection
	GlobalSection(SolutionProperties) = preSolution
		HideSolutionNode = FALSE
	EndGlobalSection
	GlobalSection(ExtensibilityGlobals) = postSolution
		SolutionGuid = {0512D873-FEC2-4E6E-A18C-30BF62C1305F}
	EndGlobalSection
EndGlobal
