
Microsoft Visual Studio Solution File, Format Version 12.00
# Visual Studio 15
VisualStudioVersion = 15.0.28307.271
MinimumVisualStudioVersion = 10.0.40219.1
Project("{FAE04EC0-301F-11D3-BF4B-00C04F79EFBC}") = "FlamERPennyAPI2", "FlamERPennyAPI2\FlamERPennyAPI2.csproj", "{00B1F102-ECE3-463C-9DBB-2461D159D20E}"
EndProject
Project("{FAE04EC0-301F-11D3-BF4B-00C04F79EFBC}") = "FlamERPennyAPI2-DAL", "FlamERPennyAPI2-DAL\FlamERPennyAPI2-DAL.csproj", "{A10A7D3A-2E79-4047-AF7D-180788386E16}"
EndProject
Project("{FAE04EC0-301F-11D3-BF4B-00C04F79EFBC}") = "FlamERPennyAPI2-Entidades", "FlamERPennyAPI2-Entidades\FlamERPennyAPI2-Entidades.csproj", "{FAC9CAE3-4DB6-4A6C-ABEE-A4A4B655C712}"
EndProject
Global
	GlobalSection(SolutionConfigurationPlatforms) = preSolution
		Debug|Any CPU = Debug|Any CPU
		Release|Any CPU = Release|Any CPU
	EndGlobalSection
	GlobalSection(ProjectConfigurationPlatforms) = postSolution
		{00B1F102-ECE3-463C-9DBB-2461D159D20E}.Debug|Any CPU.ActiveCfg = Debug|Any CPU
		{00B1F102-ECE3-463C-9DBB-2461D159D20E}.Debug|Any CPU.Build.0 = Debug|Any CPU
		{00B1F102-ECE3-463C-9DBB-2461D159D20E}.Release|Any CPU.ActiveCfg = Release|Any CPU
		{00B1F102-ECE3-463C-9DBB-2461D159D20E}.Release|Any CPU.Build.0 = Release|Any CPU
		{A10A7D3A-2E79-4047-AF7D-180788386E16}.Debug|Any CPU.ActiveCfg = Debug|Any CPU
		{A10A7D3A-2E79-4047-AF7D-180788386E16}.Debug|Any CPU.Build.0 = Debug|Any CPU
		{A10A7D3A-2E79-4047-AF7D-180788386E16}.Release|Any CPU.ActiveCfg = Release|Any CPU
		{A10A7D3A-2E79-4047-AF7D-180788386E16}.Release|Any CPU.Build.0 = Release|Any CPU
		{FAC9CAE3-4DB6-4A6C-ABEE-A4A4B655C712}.Debug|Any CPU.ActiveCfg = Debug|Any CPU
		{FAC9CAE3-4DB6-4A6C-ABEE-A4A4B655C712}.Debug|Any CPU.Build.0 = Debug|Any CPU
		{FAC9CAE3-4DB6-4A6C-ABEE-A4A4B655C712}.Release|Any CPU.ActiveCfg = Release|Any CPU
		{FAC9CAE3-4DB6-4A6C-ABEE-A4A4B655C712}.Release|Any CPU.Build.0 = Release|Any CPU
	EndGlobalSection
	GlobalSection(SolutionProperties) = preSolution
		HideSolutionNode = FALSE
	EndGlobalSection
	GlobalSection(ExtensibilityGlobals) = postSolution
		SolutionGuid = {D6CD9DDA-82F5-459B-A77B-41FF03AE4FFF}
	EndGlobalSection
EndGlobal
